
Microsoft Visual Studio Solution File, Format Version 12.00
# Visual Studio 15
VisualStudioVersion = 15.0.28010.2050
MinimumVisualStudioVersion = 10.0.40219.1
Project("{FAE04EC0-301F-11D3-BF4B-00C04F79EFBC}") = "PermissionSystem", "PermissionSystem\PermissionSystem.csproj", "{A0515572-6EE8-430D-9B20-7341EB2C34C5}"
EndProject
Project("{FAE04EC0-301F-11D3-BF4B-00C04F79EFBC}") = "PermissionSystem.Core", "PermissionSystem.Core\PermissionSystem.Core.csproj", "{1F07DB5E-5D52-4070-934C-A3846B41132A}"
EndProject
Global
	GlobalSection(SolutionConfigurationPlatforms) = preSolution
		Debug|Any CPU = Debug|Any CPU
		Release|Any CPU = Release|Any CPU
	EndGlobalSection
	GlobalSection(ProjectConfigurationPlatforms) = postSolution
		{A0515572-6EE8-430D-9B20-7341EB2C34C5}.Debug|Any CPU.ActiveCfg = Debug|Any CPU
		{A0515572-6EE8-430D-9B20-7341EB2C34C5}.Debug|Any CPU.Build.0 = Debug|Any CPU
		{A0515572-6EE8-430D-9B20-7341EB2C34C5}.Release|Any CPU.ActiveCfg = Release|Any CPU
		{A0515572-6EE8-430D-9B20-7341EB2C34C5}.Release|Any CPU.Build.0 = Release|Any CPU
		{1F07DB5E-5D52-4070-934C-A3846B41132A}.Debug|Any CPU.ActiveCfg = Debug|Any CPU
		{1F07DB5E-5D52-4070-934C-A3846B41132A}.Debug|Any CPU.Build.0 = Debug|Any CPU
		{1F07DB5E-5D52-4070-934C-A3846B41132A}.Release|Any CPU.ActiveCfg = Release|Any CPU
		{1F07DB5E-5D52-4070-934C-A3846B41132A}.Release|Any CPU.Build.0 = Release|Any CPU
	EndGlobalSection
	GlobalSection(SolutionProperties) = preSolution
		HideSolutionNode = FALSE
	EndGlobalSection
	GlobalSection(ExtensibilityGlobals) = postSolution
		SolutionGuid = {2AA04988-BDB4-451A-9D57-080E865980B8}
	EndGlobalSection
EndGlobal
